<?xml version="1.0" encoding="UTF-8" standalone="yes" ?>
<CodeBlocks_project_file>
	<FileVersion major="1" minor="6" />
	<Project>
		<Option title="SimpleEncrypt" />
		<Option pch_mode="2" />
		<Option compiler="gcc" />
		<Build>
			<Target title="Release">
				<Option output="bin/Release/crypt" prefix_auto="1" extension_auto="1" />
				<Option object_output="obj/Release/" />
				<Option type="1" />
				<Option compiler="gnu_gcc_730_64bit_compiler" />
				<Compiler>
					<Add option="-O2" />
					<Add option="-m64" />
				</Compiler>
				<Linker>
					<Add option="-s" />
					<Add option="-m64" />
				</Linker>
			</Target>
		</Build>
		<Compiler>
			<Add option="-Wall" />
			<Add option="-std=c++14" />
			<Add option="-fexceptions" />
		</Compiler>
		<Linker>
			<Add option="-static-libstdc++" />
			<Add option="-static" />
		</Linker>
		<Unit filename="crypt.cpp" />
		<Unit filename="crypt.h" />
		<Unit filename="main.cpp" />
		<Unit filename="sha1.cpp" />
		<Unit filename="sha1.h" />
		<Extensions>
			<code_completion />
			<envvars />
			<debugger />
			<lib_finder disable_auto="1" />
		</Extensions>
	</Project>
</CodeBlocks_project_file>
